
Microsoft Visual Studio Solution File, Format Version 12.00
# Visual Studio Version 16
VisualStudioVersion = 16.0.31112.23
MinimumVisualStudioVersion = 10.0.40219.1
Project("{FAE04EC0-301F-11D3-BF4B-00C04F79EFBC}") = "SpotifySongAvailabilityChecker", "SpotifySongAvailabilityChecker\SpotifySongAvailabilityChecker.csproj", "{8248206C-3E88-4818-9804-B640103608AA}"
EndProject
Global
	GlobalSection(SolutionConfigurationPlatforms) = preSolution
		Debug|Any CPU = Debug|Any CPU
		Release|Any CPU = Release|Any CPU
	EndGlobalSection
	GlobalSection(ProjectConfigurationPlatforms) = postSolution
		{8248206C-3E88-4818-9804-B640103608AA}.Debug|Any CPU.ActiveCfg = Debug|Any CPU
		{8248206C-3E88-4818-9804-B640103608AA}.Debug|Any CPU.Build.0 = Debug|Any CPU
		{8248206C-3E88-4818-9804-B640103608AA}.Release|Any CPU.ActiveCfg = Release|Any CPU
		{8248206C-3E88-4818-9804-B640103608AA}.Release|Any CPU.Build.0 = Release|Any CPU
	EndGlobalSection
	GlobalSection(SolutionProperties) = preSolution
		HideSolutionNode = FALSE
	EndGlobalSection
	GlobalSection(ExtensibilityGlobals) = postSolution
		SolutionGuid = {2CFB7222-EF7A-489C-8785-A43FC16774EA}
	EndGlobalSection
EndGlobal
